
Microsoft Visual Studio Solution File, Format Version 12.00
# Visual Studio 2012
Project("{FAE04EC0-301F-11D3-BF4B-00C04F79EFBC}") = "Ejemplos de arrays", "Ejemplos de arrays\Ejemplos de arrays.csproj", "{CD12AA7C-CFB6-477B-A9CF-CEAE9F8BC82A}"
EndProject
Project("{FAE04EC0-301F-11D3-BF4B-00C04F79EFBC}") = "Entidades", "Entidades\Entidades.csproj", "{28CDAD54-6699-4579-B34B-9BC9A2CEAEB2}"
EndProject
Project("{FAE04EC0-301F-11D3-BF4B-00C04F79EFBC}") = "ConsolaArray", "ConsolaArray\ConsolaArray.csproj", "{DA2140CE-266A-41F1-9FAF-D40C6356217B}"
EndProject
Project("{FAE04EC0-301F-11D3-BF4B-00C04F79EFBC}") = "Entidades con colecciones", "Entidades con colecciones\Entidades con colecciones.csproj", "{74848362-5E1D-4323-8592-9309576720F9}"
EndProject
Project("{FAE04EC0-301F-11D3-BF4B-00C04F79EFBC}") = "Propiedades", "Propiedades\Propiedades.csproj", "{BE99FFC4-393D-4C7E-B79D-9DF2C3C98A03}"
EndProject
Project("{FAE04EC0-301F-11D3-BF4B-00C04F79EFBC}") = "Consola de propiedades", "Consola de propiedades\Consola de propiedades.csproj", "{517DFB53-E0BA-4543-9B6E-67CC3CFD7279}"
EndProject
Project("{FAE04EC0-301F-11D3-BF4B-00C04F79EFBC}") = "Indexadores", "Indexadores\Indexadores.csproj", "{399D4FEC-3305-4131-958B-4008BDA5E220}"
EndProject
Global
	GlobalSection(SolutionConfigurationPlatforms) = preSolution
		Debug|Any CPU = Debug|Any CPU
		Release|Any CPU = Release|Any CPU
	EndGlobalSection
	GlobalSection(ProjectConfigurationPlatforms) = postSolution
		{CD12AA7C-CFB6-477B-A9CF-CEAE9F8BC82A}.Debug|Any CPU.ActiveCfg = Debug|Any CPU
		{CD12AA7C-CFB6-477B-A9CF-CEAE9F8BC82A}.Debug|Any CPU.Build.0 = Debug|Any CPU
		{CD12AA7C-CFB6-477B-A9CF-CEAE9F8BC82A}.Release|Any CPU.ActiveCfg = Release|Any CPU
		{CD12AA7C-CFB6-477B-A9CF-CEAE9F8BC82A}.Release|Any CPU.Build.0 = Release|Any CPU
		{28CDAD54-6699-4579-B34B-9BC9A2CEAEB2}.Debug|Any CPU.ActiveCfg = Debug|Any CPU
		{28CDAD54-6699-4579-B34B-9BC9A2CEAEB2}.Debug|Any CPU.Build.0 = Debug|Any CPU
		{28CDAD54-6699-4579-B34B-9BC9A2CEAEB2}.Release|Any CPU.ActiveCfg = Release|Any CPU
		{28CDAD54-6699-4579-B34B-9BC9A2CEAEB2}.Release|Any CPU.Build.0 = Release|Any CPU
		{DA2140CE-266A-41F1-9FAF-D40C6356217B}.Debug|Any CPU.ActiveCfg = Debug|Any CPU
		{DA2140CE-266A-41F1-9FAF-D40C6356217B}.Debug|Any CPU.Build.0 = Debug|Any CPU
		{DA2140CE-266A-41F1-9FAF-D40C6356217B}.Release|Any CPU.ActiveCfg = Release|Any CPU
		{DA2140CE-266A-41F1-9FAF-D40C6356217B}.Release|Any CPU.Build.0 = Release|Any CPU
		{74848362-5E1D-4323-8592-9309576720F9}.Debug|Any CPU.ActiveCfg = Debug|Any CPU
		{74848362-5E1D-4323-8592-9309576720F9}.Debug|Any CPU.Build.0 = Debug|Any CPU
		{74848362-5E1D-4323-8592-9309576720F9}.Release|Any CPU.ActiveCfg = Release|Any CPU
		{74848362-5E1D-4323-8592-9309576720F9}.Release|Any CPU.Build.0 = Release|Any CPU
		{BE99FFC4-393D-4C7E-B79D-9DF2C3C98A03}.Debug|Any CPU.ActiveCfg = Debug|Any CPU
		{BE99FFC4-393D-4C7E-B79D-9DF2C3C98A03}.Debug|Any CPU.Build.0 = Debug|Any CPU
		{BE99FFC4-393D-4C7E-B79D-9DF2C3C98A03}.Release|Any CPU.ActiveCfg = Release|Any CPU
		{BE99FFC4-393D-4C7E-B79D-9DF2C3C98A03}.Release|Any CPU.Build.0 = Release|Any CPU
		{517DFB53-E0BA-4543-9B6E-67CC3CFD7279}.Debug|Any CPU.ActiveCfg = Debug|Any CPU
		{517DFB53-E0BA-4543-9B6E-67CC3CFD7279}.Debug|Any CPU.Build.0 = Debug|Any CPU
		{517DFB53-E0BA-4543-9B6E-67CC3CFD7279}.Release|Any CPU.ActiveCfg = Release|Any CPU
		{517DFB53-E0BA-4543-9B6E-67CC3CFD7279}.Release|Any CPU.Build.0 = Release|Any CPU
		{399D4FEC-3305-4131-958B-4008BDA5E220}.Debug|Any CPU.ActiveCfg = Debug|Any CPU
		{399D4FEC-3305-4131-958B-4008BDA5E220}.Debug|Any CPU.Build.0 = Debug|Any CPU
		{399D4FEC-3305-4131-958B-4008BDA5E220}.Release|Any CPU.ActiveCfg = Release|Any CPU
		{399D4FEC-3305-4131-958B-4008BDA5E220}.Release|Any CPU.Build.0 = Release|Any CPU
	EndGlobalSection
	GlobalSection(SolutionProperties) = preSolution
		HideSolutionNode = FALSE
	EndGlobalSection
EndGlobal
